// !$*UTF8*$!
{
	archiveVersion = 1;
	classes = {
	};
	objectVersion = 56;
	objects = {

/* Begin PBXBuildFile section */
		4943778329695D2200152D8B /* View+Extensions.swift in Sources */ = {isa = PBXBuildFile; fileRef = 4943778229695D2200152D8B /* View+Extensions.swift */; };
		4943778529696A7E00152D8B /* TodoItem.swift in Sources */ = {isa = PBXBuildFile; fileRef = 4943778429696A7E00152D8B /* TodoItem.swift */; };
		494377882969862E00152D8B /* Category.swift in Sources */ = {isa = PBXBuildFile; fileRef = 494377872969862E00152D8B /* Category.swift */; };
		4943778A29698B8300152D8B /* Main.swift in Sources */ = {isa = PBXBuildFile; fileRef = 4943778929698B8300152D8B /* Main.swift */; };
		4943778C29698C7600152D8B /* Tabs.swift in Sources */ = {isa = PBXBuildFile; fileRef = 4943778B29698C7600152D8B /* Tabs.swift */; };
		4943778E29698CC800152D8B /* TodoItems.swift in Sources */ = {isa = PBXBuildFile; fileRef = 4943778D29698CC800152D8B /* TodoItems.swift */; };
		49CADF5329619CB2005E6B57 /* ManyThingsApp.swift in Sources */ = {isa = PBXBuildFile; fileRef = 49CADF5229619CB2005E6B57 /* ManyThingsApp.swift */; };
		49CADF5729619CB3005E6B57 /* Assets.xcassets in Resources */ = {isa = PBXBuildFile; fileRef = 49CADF5629619CB3005E6B57 /* Assets.xcassets */; };
		49CADF5A29619CB3005E6B57 /* Preview Assets.xcassets in Resources */ = {isa = PBXBuildFile; fileRef = 49CADF5929619CB3005E6B57 /* Preview Assets.xcassets */; };
		49CADF5C29619CB3005E6B57 /* Persistence.swift in Sources */ = {isa = PBXBuildFile; fileRef = 49CADF5B29619CB3005E6B57 /* Persistence.swift */; };
		49CADF5F29619CB3005E6B57 /* ManyThings.xcdatamodeld in Sources */ = {isa = PBXBuildFile; fileRef = 49CADF5D29619CB3005E6B57 /* ManyThings.xcdatamodeld */; };
		49CADF6A29619CB3005E6B57 /* ManyThingsTests.swift in Sources */ = {isa = PBXBuildFile; fileRef = 49CADF6929619CB3005E6B57 /* ManyThingsTests.swift */; };
		49CADF7429619CB3005E6B57 /* ManyThingsUITests.swift in Sources */ = {isa = PBXBuildFile; fileRef = 49CADF7329619CB3005E6B57 /* ManyThingsUITests.swift */; };
		49CADF7629619CB3005E6B57 /* ManyThingsUITestsLaunchTests.swift in Sources */ = {isa = PBXBuildFile; fileRef = 49CADF7529619CB3005E6B57 /* ManyThingsUITestsLaunchTests.swift */; };
/* End PBXBuildFile section */

/* Begin PBXContainerItemProxy section */
		49CADF6629619CB3005E6B57 /* PBXContainerItemProxy */ = {
			isa = PBXContainerItemProxy;
			containerPortal = 49CADF4729619CB2005E6B57 /* Project object */;
			proxyType = 1;
			remoteGlobalIDString = 49CADF4E29619CB2005E6B57;
			remoteInfo = ManyThings;
		};
		49CADF7029619CB3005E6B57 /* PBXContainerItemProxy */ = {
			isa = PBXContainerItemProxy;
			containerPortal = 49CADF4729619CB2005E6B57 /* Project object */;
			proxyType = 1;
			remoteGlobalIDString = 49CADF4E29619CB2005E6B57;
			remoteInfo = ManyThings;
		};
/* End PBXContainerItemProxy section */

/* Begin PBXFileReference section */
		4943778229695D2200152D8B /* View+Extensions.swift */ = {isa = PBXFileReference; lastKnownFileType = sourcecode.swift; path = "View+Extensions.swift"; sourceTree = "<group>"; };
		4943778429696A7E00152D8B /* TodoItem.swift */ = {isa = PBXFileReference; lastKnownFileType = sourcecode.swift; path = TodoItem.swift; sourceTree = "<group>"; };
		494377872969862E00152D8B /* Category.swift */ = {isa = PBXFileReference; lastKnownFileType = sourcecode.swift; path = Category.swift; sourceTree = "<group>"; };
		4943778929698B8300152D8B /* Main.swift */ = {isa = PBXFileReference; lastKnownFileType = sourcecode.swift; path = Main.swift; sourceTree = "<group>"; };
		4943778B29698C7600152D8B /* Tabs.swift */ = {isa = PBXFileReference; lastKnownFileType = sourcecode.swift; path = Tabs.swift; sourceTree = "<group>"; };
		4943778D29698CC800152D8B /* TodoItems.swift */ = {isa = PBXFileReference; lastKnownFileType = sourcecode.swift; path = TodoItems.swift; sourceTree = "<group>"; };
		49CADF4F29619CB2005E6B57 /* ManyThings.app */ = {isa = PBXFileReference; explicitFileType = wrapper.application; includeInIndex = 0; path = ManyThings.app; sourceTree = BUILT_PRODUCTS_DIR; };
		49CADF5229619CB2005E6B57 /* ManyThingsApp.swift */ = {isa = PBXFileReference; lastKnownFileType = sourcecode.swift; path = ManyThingsApp.swift; sourceTree = "<group>"; };
		49CADF5629619CB3005E6B57 /* Assets.xcassets */ = {isa = PBXFileReference; lastKnownFileType = folder.assetcatalog; path = Assets.xcassets; sourceTree = "<group>"; };
		49CADF5929619CB3005E6B57 /* Preview Assets.xcassets */ = {isa = PBXFileReference; lastKnownFileType = folder.assetcatalog; path = "Preview Assets.xcassets"; sourceTree = "<group>"; };
		49CADF5B29619CB3005E6B57 /* Persistence.swift */ = {isa = PBXFileReference; lastKnownFileType = sourcecode.swift; path = Persistence.swift; sourceTree = "<group>"; };
		49CADF5E29619CB3005E6B57 /* ManyThings.xcdatamodel */ = {isa = PBXFileReference; lastKnownFileType = wrapper.xcdatamodel; path = ManyThings.xcdatamodel; sourceTree = "<group>"; };
		49CADF6029619CB3005E6B57 /* ManyThings.entitlements */ = {isa = PBXFileReference; lastKnownFileType = text.plist.entitlements; path = ManyThings.entitlements; sourceTree = "<group>"; };
		49CADF6529619CB3005E6B57 /* ManyThingsTests.xctest */ = {isa = PBXFileReference; explicitFileType = wrapper.cfbundle; includeInIndex = 0; path = ManyThingsTests.xctest; sourceTree = BUILT_PRODUCTS_DIR; };
		49CADF6929619CB3005E6B57 /* ManyThingsTests.swift */ = {isa = PBXFileReference; lastKnownFileType = sourcecode.swift; path = ManyThingsTests.swift; sourceTree = "<group>"; };
		49CADF6F29619CB3005E6B57 /* ManyThingsUITests.xctest */ = {isa = PBXFileReference; explicitFileType = wrapper.cfbundle; includeInIndex = 0; path = ManyThingsUITests.xctest; sourceTree = BUILT_PRODUCTS_DIR; };
		49CADF7329619CB3005E6B57 /* ManyThingsUITests.swift */ = {isa = PBXFileReference; lastKnownFileType = sourcecode.swift; path = ManyThingsUITests.swift; sourceTree = "<group>"; };
		49CADF7529619CB3005E6B57 /* ManyThingsUITestsLaunchTests.swift */ = {isa = PBXFileReference; lastKnownFileType = sourcecode.swift; path = ManyThingsUITestsLaunchTests.swift; sourceTree = "<group>"; };
/* End PBXFileReference section */

/* Begin PBXFrameworksBuildPhase section */
		49CADF4C29619CB2005E6B57 /* Frameworks */ = {
			isa = PBXFrameworksBuildPhase;
			buildActionMask = 2147483647;
			files = (
			);
			runOnlyForDeploymentPostprocessing = 0;
		};
		49CADF6229619CB3005E6B57 /* Frameworks */ = {
			isa = PBXFrameworksBuildPhase;
			buildActionMask = 2147483647;
			files = (
			);
			runOnlyForDeploymentPostprocessing = 0;
		};
		49CADF6C29619CB3005E6B57 /* Frameworks */ = {
			isa = PBXFrameworksBuildPhase;
			buildActionMask = 2147483647;
			files = (
			);
			runOnlyForDeploymentPostprocessing = 0;
		};
/* End PBXFrameworksBuildPhase section */

/* Begin PBXGroup section */
		494377862969861F00152D8B /* Core */ = {
			isa = PBXGroup;
			children = (
				494377872969862E00152D8B /* Category.swift */,
			);
			path = Core;
			sourceTree = "<group>";
		};
		49CADF4629619CB2005E6B57 = {
			isa = PBXGroup;
			children = (
				49CADF5129619CB2005E6B57 /* ManyThings */,
				49CADF6829619CB3005E6B57 /* ManyThingsTests */,
				49CADF7229619CB3005E6B57 /* ManyThingsUITests */,
				49CADF5029619CB2005E6B57 /* Products */,
			);
			sourceTree = "<group>";
		};
		49CADF5029619CB2005E6B57 /* Products */ = {
			isa = PBXGroup;
			children = (
				49CADF4F29619CB2005E6B57 /* ManyThings.app */,
				49CADF6529619CB3005E6B57 /* ManyThingsTests.xctest */,
				49CADF6F29619CB3005E6B57 /* ManyThingsUITests.xctest */,
			);
			name = Products;
			sourceTree = "<group>";
		};
		49CADF5129619CB2005E6B57 /* ManyThings */ = {
			isa = PBXGroup;
			children = (
				494377862969861F00152D8B /* Core */,
				49CADF8229619D59005E6B57 /* Views */,
				49CADF5229619CB2005E6B57 /* ManyThingsApp.swift */,
				49CADF5629619CB3005E6B57 /* Assets.xcassets */,
				49CADF5B29619CB3005E6B57 /* Persistence.swift */,
				49CADF6029619CB3005E6B57 /* ManyThings.entitlements */,
				49CADF5D29619CB3005E6B57 /* ManyThings.xcdatamodeld */,
				49CADF5829619CB3005E6B57 /* Preview Content */,
				4943778929698B8300152D8B /* Main.swift */,
			);
			path = ManyThings;
			sourceTree = "<group>";
		};
		49CADF5829619CB3005E6B57 /* Preview Content */ = {
			isa = PBXGroup;
			children = (
				49CADF5929619CB3005E6B57 /* Preview Assets.xcassets */,
			);
			path = "Preview Content";
			sourceTree = "<group>";
		};
		49CADF6829619CB3005E6B57 /* ManyThingsTests */ = {
			isa = PBXGroup;
			children = (
				49CADF6929619CB3005E6B57 /* ManyThingsTests.swift */,
			);
			path = ManyThingsTests;
			sourceTree = "<group>";
		};
		49CADF7229619CB3005E6B57 /* ManyThingsUITests */ = {
			isa = PBXGroup;
			children = (
				49CADF7329619CB3005E6B57 /* ManyThingsUITests.swift */,
				49CADF7529619CB3005E6B57 /* ManyThingsUITestsLaunchTests.swift */,
			);
			path = ManyThingsUITests;
			sourceTree = "<group>";
		};
		49CADF8229619D59005E6B57 /* Views */ = {
			isa = PBXGroup;
			children = (
				4943778229695D2200152D8B /* View+Extensions.swift */,
				4943778429696A7E00152D8B /* TodoItem.swift */,
				4943778B29698C7600152D8B /* Tabs.swift */,
				4943778D29698CC800152D8B /* TodoItems.swift */,
			);
			path = Views;
			sourceTree = "<group>";
		};
/* End PBXGroup section */

/* Begin PBXNativeTarget section */
		49CADF4E29619CB2005E6B57 /* ManyThings */ = {
			isa = PBXNativeTarget;
			buildConfigurationList = 49CADF7929619CB3005E6B57 /* Build configuration list for PBXNativeTarget "ManyThings" */;
			buildPhases = (
				49CADF4B29619CB2005E6B57 /* Sources */,
				49CADF4C29619CB2005E6B57 /* Frameworks */,
				49CADF4D29619CB2005E6B57 /* Resources */,
			);
			buildRules = (
			);
			dependencies = (
			);
			name = ManyThings;
			productName = ManyThings;
			productReference = 49CADF4F29619CB2005E6B57 /* ManyThings.app */;
			productType = "com.apple.product-type.application";
		};
		49CADF6429619CB3005E6B57 /* ManyThingsTests */ = {
			isa = PBXNativeTarget;
			buildConfigurationList = 49CADF7C29619CB3005E6B57 /* Build configuration list for PBXNativeTarget "ManyThingsTests" */;
			buildPhases = (
				49CADF6129619CB3005E6B57 /* Sources */,
				49CADF6229619CB3005E6B57 /* Frameworks */,
				49CADF6329619CB3005E6B57 /* Resources */,
			);
			buildRules = (
			);
			dependencies = (
				49CADF6729619CB3005E6B57 /* PBXTargetDependency */,
			);
			name = ManyThingsTests;
			productName = ManyThingsTests;
			productReference = 49CADF6529619CB3005E6B57 /* ManyThingsTests.xctest */;
			productType = "com.apple.product-type.bundle.unit-test";
		};
		49CADF6E29619CB3005E6B57 /* ManyThingsUITests */ = {
			isa = PBXNativeTarget;
			buildConfigurationList = 49CADF7F29619CB3005E6B57 /* Build configuration list for PBXNativeTarget "ManyThingsUITests" */;
			buildPhases = (
				49CADF6B29619CB3005E6B57 /* Sources */,
				49CADF6C29619CB3005E6B57 /* Frameworks */,
				49CADF6D29619CB3005E6B57 /* Resources */,
			);
			buildRules = (
			);
			dependencies = (
				49CADF7129619CB3005E6B57 /* PBXTargetDependency */,
			);
			name = ManyThingsUITests;
			productName = ManyThingsUITests;
			productReference = 49CADF6F29619CB3005E6B57 /* ManyThingsUITests.xctest */;
			productType = "com.apple.product-type.bundle.ui-testing";
		};
/* End PBXNativeTarget section */

/* Begin PBXProject section */
		49CADF4729619CB2005E6B57 /* Project object */ = {
			isa = PBXProject;
			attributes = {
				BuildIndependentTargetsInParallel = 1;
				LastSwiftUpdateCheck = 1420;
				LastUpgradeCheck = 1420;
				TargetAttributes = {
					49CADF4E29619CB2005E6B57 = {
						CreatedOnToolsVersion = 14.2;
					};
					49CADF6429619CB3005E6B57 = {
						CreatedOnToolsVersion = 14.2;
						TestTargetID = 49CADF4E29619CB2005E6B57;
					};
					49CADF6E29619CB3005E6B57 = {
						CreatedOnToolsVersion = 14.2;
						TestTargetID = 49CADF4E29619CB2005E6B57;
					};
				};
			};
			buildConfigurationList = 49CADF4A29619CB2005E6B57 /* Build configuration list for PBXProject "ManyThings" */;
			compatibilityVersion = "Xcode 14.0";
			developmentRegion = en;
			hasScannedForEncodings = 0;
			knownRegions = (
				en,
				Base,
			);
			mainGroup = 49CADF4629619CB2005E6B57;
			productRefGroup = 49CADF5029619CB2005E6B57 /* Products */;
			projectDirPath = "";
			projectRoot = "";
			targets = (
				49CADF4E29619CB2005E6B57 /* ManyThings */,
				49CADF6429619CB3005E6B57 /* ManyThingsTests */,
				49CADF6E29619CB3005E6B57 /* ManyThingsUITests */,
			);
		};
/* End PBXProject section */

/* Begin PBXResourcesBuildPhase section */
		49CADF4D29619CB2005E6B57 /* Resources */ = {
			isa = PBXResourcesBuildPhase;
			buildActionMask = 2147483647;
			files = (
				49CADF5A29619CB3005E6B57 /* Preview Assets.xcassets in Resources */,
				49CADF5729619CB3005E6B57 /* Assets.xcassets in Resources */,
			);
			runOnlyForDeploymentPostprocessing = 0;
		};
		49CADF6329619CB3005E6B57 /* Resources */ = {
			isa = PBXResourcesBuildPhase;
			buildActionMask = 2147483647;
			files = (
			);
			runOnlyForDeploymentPostprocessing = 0;
		};
		49CADF6D29619CB3005E6B57 /* Resources */ = {
			isa = PBXResourcesBuildPhase;
			buildActionMask = 2147483647;
			files = (
			);
			runOnlyForDeploymentPostprocessing = 0;
		};
/* End PBXResourcesBuildPhase section */

/* Begin PBXSourcesBuildPhase section */
		49CADF4B29619CB2005E6B57 /* Sources */ = {
			isa = PBXSourcesBuildPhase;
			buildActionMask = 2147483647;
			files = (
				49CADF5C29619CB3005E6B57 /* Persistence.swift in Sources */,
				49CADF5F29619CB3005E6B57 /* ManyThings.xcdatamodeld in Sources */,
				4943778329695D2200152D8B /* View+Extensions.swift in Sources */,
				494377882969862E00152D8B /* Category.swift in Sources */,
				4943778529696A7E00152D8B /* TodoItem.swift in Sources */,
				4943778A29698B8300152D8B /* Main.swift in Sources */,
				4943778E29698CC800152D8B /* TodoItems.swift in Sources */,
				49CADF5329619CB2005E6B57 /* ManyThingsApp.swift in Sources */,
				4943778C29698C7600152D8B /* Tabs.swift in Sources */,
			);
			runOnlyForDeploymentPostprocessing = 0;
		};
		49CADF6129619CB3005E6B57 /* Sources */ = {
			isa = PBXSourcesBuildPhase;
			buildActionMask = 2147483647;
			files = (
				49CADF6A29619CB3005E6B57 /* ManyThingsTests.swift in Sources */,
			);
			runOnlyForDeploymentPostprocessing = 0;
		};
		49CADF6B29619CB3005E6B57 /* Sources */ = {
			isa = PBXSourcesBuildPhase;
			buildActionMask = 2147483647;
			files = (
				49CADF7629619CB3005E6B57 /* ManyThingsUITestsLaunchTests.swift in Sources */,
				49CADF7429619CB3005E6B57 /* ManyThingsUITests.swift in Sources */,
			);
			runOnlyForDeploymentPostprocessing = 0;
		};
/* End PBXSourcesBuildPhase section */

/* Begin PBXTargetDependency section */
		49CADF6729619CB3005E6B57 /* PBXTargetDependency */ = {
			isa = PBXTargetDependency;
			target = 49CADF4E29619CB2005E6B57 /* ManyThings */;
			targetProxy = 49CADF6629619CB3005E6B57 /* PBXContainerItemProxy */;
		};
		49CADF7129619CB3005E6B57 /* PBXTargetDependency */ = {
			isa = PBXTargetDependency;
			target = 49CADF4E29619CB2005E6B57 /* ManyThings */;
			targetProxy = 49CADF7029619CB3005E6B57 /* PBXContainerItemProxy */;
		};
/* End PBXTargetDependency section */

/* Begin XCBuildConfiguration section */
		49CADF7729619CB3005E6B57 /* Debug */ = {
			isa = XCBuildConfiguration;
			buildSettings = {
				ALWAYS_SEARCH_USER_PATHS = NO;
				CLANG_ANALYZER_NONNULL = YES;
				CLANG_ANALYZER_NUMBER_OBJECT_CONVERSION = YES_AGGRESSIVE;
				CLANG_CXX_LANGUAGE_STANDARD = "gnu++20";
				CLANG_ENABLE_MODULES = YES;
				CLANG_ENABLE_OBJC_ARC = YES;
				CLANG_ENABLE_OBJC_WEAK = YES;
				CLANG_WARN_BLOCK_CAPTURE_AUTORELEASING = YES;
				CLANG_WARN_BOOL_CONVERSION = YES;
				CLANG_WARN_COMMA = YES;
				CLANG_WARN_CONSTANT_CONVERSION = YES;
				CLANG_WARN_DEPRECATED_OBJC_IMPLEMENTATIONS = YES;
				CLANG_WARN_DIRECT_OBJC_ISA_USAGE = YES_ERROR;
				CLANG_WARN_DOCUMENTATION_COMMENTS = YES;
				CLANG_WARN_EMPTY_BODY = YES;
				CLANG_WARN_ENUM_CONVERSION = YES;
				CLANG_WARN_INFINITE_RECURSION = YES;
				CLANG_WARN_INT_CONVERSION = YES;
				CLANG_WARN_NON_LITERAL_NULL_CONVERSION = YES;
				CLANG_WARN_OBJC_IMPLICIT_RETAIN_SELF = YES;
				CLANG_WARN_OBJC_LITERAL_CONVERSION = YES;
				CLANG_WARN_OBJC_ROOT_CLASS = YES_ERROR;
				CLANG_WARN_QUOTED_INCLUDE_IN_FRAMEWORK_HEADER = YES;
				CLANG_WARN_RANGE_LOOP_ANALYSIS = YES;
				CLANG_WARN_STRICT_PROTOTYPES = YES;
				CLANG_WARN_SUSPICIOUS_MOVE = YES;
				CLANG_WARN_UNGUARDED_AVAILABILITY = YES_AGGRESSIVE;
				CLANG_WARN_UNREACHABLE_CODE = YES;
				CLANG_WARN__DUPLICATE_METHOD_MATCH = YES;
				COPY_PHASE_STRIP = NO;
				DEBUG_INFORMATION_FORMAT = dwarf;
				ENABLE_STRICT_OBJC_MSGSEND = YES;
				ENABLE_TESTABILITY = YES;
				GCC_C_LANGUAGE_STANDARD = gnu11;
				GCC_DYNAMIC_NO_PIC = NO;
				GCC_NO_COMMON_BLOCKS = YES;
				GCC_OPTIMIZATION_LEVEL = 0;
				GCC_PREPROCESSOR_DEFINITIONS = (
					"DEBUG=1",
					"$(inherited)",
				);
				GCC_WARN_64_TO_32_BIT_CONVERSION = YES;
				GCC_WARN_ABOUT_RETURN_TYPE = YES_ERROR;
				GCC_WARN_UNDECLARED_SELECTOR = YES;
				GCC_WARN_UNINITIALIZED_AUTOS = YES_AGGRESSIVE;
				GCC_WARN_UNUSED_FUNCTION = YES;
				GCC_WARN_UNUSED_VARIABLE = YES;
				MACOSX_DEPLOYMENT_TARGET = 13.1;
				MTL_ENABLE_DEBUG_INFO = INCLUDE_SOURCE;
				MTL_FAST_MATH = YES;
				ONLY_ACTIVE_ARCH = YES;
				SDKROOT = macosx;
				SWIFT_ACTIVE_COMPILATION_CONDITIONS = DEBUG;
				SWIFT_OPTIMIZATION_LEVEL = "-Onone";
			};
			name = Debug;
		};
		49CADF7829619CB3005E6B57 /* Release */ = {
			isa = XCBuildConfiguration;
			buildSettings = {
				ALWAYS_SEARCH_USER_PATHS = NO;
				CLANG_ANALYZER_NONNULL = YES;
				CLANG_ANALYZER_NUMBER_OBJECT_CONVERSION = YES_AGGRESSIVE;
				CLANG_CXX_LANGUAGE_STANDARD = "gnu++20";
				CLANG_ENABLE_MODULES = YES;
				CLANG_ENABLE_OBJC_ARC = YES;
				CLANG_ENABLE_OBJC_WEAK = YES;
				CLANG_WARN_BLOCK_CAPTURE_AUTORELEASING = YES;
				CLANG_WARN_BOOL_CONVERSION = YES;
				CLANG_WARN_COMMA = YES;
				CLANG_WARN_CONSTANT_CONVERSION = YES;
				CLANG_WARN_DEPRECATED_OBJC_IMPLEMENTATIONS = YES;
				CLANG_WARN_DIRECT_OBJC_ISA_USAGE = YES_ERROR;
				CLANG_WARN_DOCUMENTATION_COMMENTS = YES;
				CLANG_WARN_EMPTY_BODY = YES;
				CLANG_WARN_ENUM_CONVERSION = YES;
				CLANG_WARN_INFINITE_RECURSION = YES;
				CLANG_WARN_INT_CONVERSION = YES;
				CLANG_WARN_NON_LITERAL_NULL_CONVERSION = YES;
				CLANG_WARN_OBJC_IMPLICIT_RETAIN_SELF = YES;
				CLANG_WARN_OBJC_LITERAL_CONVERSION = YES;
				CLANG_WARN_OBJC_ROOT_CLASS = YES_ERROR;
				CLANG_WARN_QUOTED_INCLUDE_IN_FRAMEWORK_HEADER = YES;
				CLANG_WARN_RANGE_LOOP_ANALYSIS = YES;
				CLANG_WARN_STRICT_PROTOTYPES = YES;
				CLANG_WARN_SUSPICIOUS_MOVE = YES;
				CLANG_WARN_UNGUARDED_AVAILABILITY = YES_AGGRESSIVE;
				CLANG_WARN_UNREACHABLE_CODE = YES;
				CLANG_WARN__DUPLICATE_METHOD_MATCH = YES;
				COPY_PHASE_STRIP = NO;
				DEBUG_INFORMATION_FORMAT = "dwarf-with-dsym";
				ENABLE_NS_ASSERTIONS = NO;
				ENABLE_STRICT_OBJC_MSGSEND = YES;
				GCC_C_LANGUAGE_STANDARD = gnu11;
				GCC_NO_COMMON_BLOCKS = YES;
				GCC_WARN_64_TO_32_BIT_CONVERSION = YES;
				GCC_WARN_ABOUT_RETURN_TYPE = YES_ERROR;
				GCC_WARN_UNDECLARED_SELECTOR = YES;
				GCC_WARN_UNINITIALIZED_AUTOS = YES_AGGRESSIVE;
				GCC_WARN_UNUSED_FUNCTION = YES;
				GCC_WARN_UNUSED_VARIABLE = YES;
				MACOSX_DEPLOYMENT_TARGET = 13.1;
				MTL_ENABLE_DEBUG_INFO = NO;
				MTL_FAST_MATH = YES;
				SDKROOT = macosx;
				SWIFT_COMPILATION_MODE = wholemodule;
				SWIFT_OPTIMIZATION_LEVEL = "-O";
			};
			name = Release;
		};
		49CADF7A29619CB3005E6B57 /* Debug */ = {
			isa = XCBuildConfiguration;
			buildSettings = {
				ASSETCATALOG_COMPILER_APPICON_NAME = AppIcon;
				ASSETCATALOG_COMPILER_GLOBAL_ACCENT_COLOR_NAME = AccentColor;
				CODE_SIGN_ENTITLEMENTS = ManyThings/ManyThings.entitlements;
				CODE_SIGN_STYLE = Automatic;
				COMBINE_HIDPI_IMAGES = YES;
				CURRENT_PROJECT_VERSION = 1;
				DEVELOPMENT_ASSET_PATHS = "\"ManyThings/Preview Content\"";
				DEVELOPMENT_TEAM = 2J67DD4W6M;
				ENABLE_HARDENED_RUNTIME = YES;
				ENABLE_PREVIEWS = YES;
				GENERATE_INFOPLIST_FILE = YES;
				INFOPLIST_KEY_LSUIElement = YES;
				INFOPLIST_KEY_NSHumanReadableCopyright = "";
				LD_RUNPATH_SEARCH_PATHS = (
					"$(inherited)",
					"@executable_path/../Frameworks",
				);
				MARKETING_VERSION = 1.0;
				PRODUCT_BUNDLE_IDENTIFIER = uk.co.degreat.ManyThings;
				PRODUCT_NAME = "$(TARGET_NAME)";
				SWIFT_EMIT_LOC_STRINGS = YES;
				SWIFT_VERSION = 5.0;
			};
			name = Debug;
		};
		49CADF7B29619CB3005E6B57 /* Release */ = {
			isa = XCBuildConfiguration;
			buildSettings = {
				ASSETCATALOG_COMPILER_APPICON_NAME = AppIcon;
				ASSETCATALOG_COMPILER_GLOBAL_ACCENT_COLOR_NAME = AccentColor;
				CODE_SIGN_ENTITLEMENTS = ManyThings/ManyThings.entitlements;
				CODE_SIGN_STYLE = Automatic;
				COMBINE_HIDPI_IMAGES = YES;
				CURRENT_PROJECT_VERSION = 1;
				DEVELOPMENT_ASSET_PATHS = "\"ManyThings/Preview Content\"";
				DEVELOPMENT_TEAM = 2J67DD4W6M;
				ENABLE_HARDENED_RUNTIME = YES;
				ENABLE_PREVIEWS = YES;
				GENERATE_INFOPLIST_FILE = YES;
				INFOPLIST_KEY_LSUIElement = YES;
				INFOPLIST_KEY_NSHumanReadableCopyright = "";
				LD_RUNPATH_SEARCH_PATHS = (
					"$(inherited)",
					"@executable_path/../Frameworks",
				);
				MARKETING_VERSION = 1.0;
				PRODUCT_BUNDLE_IDENTIFIER = uk.co.degreat.ManyThings;
				PRODUCT_NAME = "$(TARGET_NAME)";
				SWIFT_EMIT_LOC_STRINGS = YES;
				SWIFT_VERSION = 5.0;
			};
			name = Release;
		};
		49CADF7D29619CB3005E6B57 /* Debug */ = {
			isa = XCBuildConfiguration;
			buildSettings = {
				ALWAYS_EMBED_SWIFT_STANDARD_LIBRARIES = YES;
				BUNDLE_LOADER = "$(TEST_HOST)";
				CODE_SIGN_STYLE = Automatic;
				CURRENT_PROJECT_VERSION = 1;
				DEVELOPMENT_TEAM = 2J67DD4W6M;
				GENERATE_INFOPLIST_FILE = YES;
				MACOSX_DEPLOYMENT_TARGET = 13.1;
				MARKETING_VERSION = 1.0;
				PRODUCT_BUNDLE_IDENTIFIER = uk.co.degreat.ManyThingsTests;
				PRODUCT_NAME = "$(TARGET_NAME)";
				SWIFT_EMIT_LOC_STRINGS = NO;
				SWIFT_VERSION = 5.0;
				TEST_HOST = "$(BUILT_PRODUCTS_DIR)/ManyThings.app/$(BUNDLE_EXECUTABLE_FOLDER_PATH)/ManyThings";
			};
			name = Debug;
		};
		49CADF7E29619CB3005E6B57 /* Release */ = {
			isa = XCBuildConfiguration;
			buildSettings = {
				ALWAYS_EMBED_SWIFT_STANDARD_LIBRARIES = YES;
				BUNDLE_LOADER = "$(TEST_HOST)";
				CODE_SIGN_STYLE = Automatic;
				CURRENT_PROJECT_VERSION = 1;
				DEVELOPMENT_TEAM = 2J67DD4W6M;
				GENERATE_INFOPLIST_FILE = YES;
				MACOSX_DEPLOYMENT_TARGET = 13.1;
				MARKETING_VERSION = 1.0;
				PRODUCT_BUNDLE_IDENTIFIER = uk.co.degreat.ManyThingsTests;
				PRODUCT_NAME = "$(TARGET_NAME)";
				SWIFT_EMIT_LOC_STRINGS = NO;
				SWIFT_VERSION = 5.0;
				TEST_HOST = "$(BUILT_PRODUCTS_DIR)/ManyThings.app/$(BUNDLE_EXECUTABLE_FOLDER_PATH)/ManyThings";
			};
			name = Release;
		};
		49CADF8029619CB3005E6B57 /* Debug */ = {
			isa = XCBuildConfiguration;
			buildSettings = {
				ALWAYS_EMBED_SWIFT_STANDARD_LIBRARIES = YES;
				CODE_SIGN_STYLE = Automatic;
				CURRENT_PROJECT_VERSION = 1;
				DEVELOPMENT_TEAM = 2J67DD4W6M;
				GENERATE_INFOPLIST_FILE = YES;
				MARKETING_VERSION = 1.0;
				PRODUCT_BUNDLE_IDENTIFIER = uk.co.degreat.ManyThingsUITests;
				PRODUCT_NAME = "$(TARGET_NAME)";
				SWIFT_EMIT_LOC_STRINGS = NO;
				SWIFT_VERSION = 5.0;
				TEST_TARGET_NAME = ManyThings;
			};
			name = Debug;
		};
		49CADF8129619CB3005E6B57 /* Release */ = {
			isa = XCBuildConfiguration;
			buildSettings = {
				ALWAYS_EMBED_SWIFT_STANDARD_LIBRARIES = YES;
				CODE_SIGN_STYLE = Automatic;
				CURRENT_PROJECT_VERSION = 1;
				DEVELOPMENT_TEAM = 2J67DD4W6M;
				GENERATE_INFOPLIST_FILE = YES;
				MARKETING_VERSION = 1.0;
				PRODUCT_BUNDLE_IDENTIFIER = uk.co.degreat.ManyThingsUITests;
				PRODUCT_NAME = "$(TARGET_NAME)";
				SWIFT_EMIT_LOC_STRINGS = NO;
				SWIFT_VERSION = 5.0;
				TEST_TARGET_NAME = ManyThings;
			};
			name = Release;
		};
/* End XCBuildConfiguration section */

/* Begin XCConfigurationList section */
		49CADF4A29619CB2005E6B57 /* Build configuration list for PBXProject "ManyThings" */ = {
			isa = XCConfigurationList;
			buildConfigurations = (
				49CADF7729619CB3005E6B57 /* Debug */,
				49CADF7829619CB3005E6B57 /* Release */,
			);
			defaultConfigurationIsVisible = 0;
			defaultConfigurationName = Release;
		};
		49CADF7929619CB3005E6B57 /* Build configuration list for PBXNativeTarget "ManyThings" */ = {
			isa = XCConfigurationList;
			buildConfigurations = (
				49CADF7A29619CB3005E6B57 /* Debug */,
				49CADF7B29619CB3005E6B57 /* Release */,
			);
			defaultConfigurationIsVisible = 0;
			defaultConfigurationName = Release;
		};
		49CADF7C29619CB3005E6B57 /* Build configuration list for PBXNativeTarget "ManyThingsTests" */ = {
			isa = XCConfigurationList;
			buildConfigurations = (
				49CADF7D29619CB3005E6B57 /* Debug */,
				49CADF7E29619CB3005E6B57 /* Release */,
			);
			defaultConfigurationIsVisible = 0;
			defaultConfigurationName = Release;
		};
		49CADF7F29619CB3005E6B57 /* Build configuration list for PBXNativeTarget "ManyThingsUITests" */ = {
			isa = XCConfigurationList;
			buildConfigurations = (
				49CADF8029619CB3005E6B57 /* Debug */,
				49CADF8129619CB3005E6B57 /* Release */,
			);
			defaultConfigurationIsVisible = 0;
			defaultConfigurationName = Release;
		};
/* End XCConfigurationList section */

/* Begin XCVersionGroup section */
		49CADF5D29619CB3005E6B57 /* ManyThings.xcdatamodeld */ = {
			isa = XCVersionGroup;
			children = (
				49CADF5E29619CB3005E6B57 /* ManyThings.xcdatamodel */,
			);
			currentVersion = 49CADF5E29619CB3005E6B57 /* ManyThings.xcdatamodel */;
			path = ManyThings.xcdatamodeld;
			sourceTree = "<group>";
			versionGroupType = wrapper.xcdatamodel;
		};
/* End XCVersionGroup section */
	};
	rootObject = 49CADF4729619CB2005E6B57 /* Project object */;
}
